
Microsoft Visual Studio Solution File, Format Version 12.00
# Visual Studio Version 17
VisualStudioVersion = 17.6.33723.286
MinimumVisualStudioVersion = 10.0.40219.1
Project("{FAE04EC0-301F-11D3-BF4B-00C04F79EFBC}") = "CloseEventSample.Android", "CloseEventSample\CloseEventSample.Android\CloseEventSample.Android.csproj", "{92A30637-CBA5-462C-B780-8CB682FA36D2}"
EndProject
Project("{FAE04EC0-301F-11D3-BF4B-00C04F79EFBC}") = "CloseEventSample.iOS", "CloseEventSample\CloseEventSample.iOS\CloseEventSample.iOS.csproj", "{CFFD436B-2CBE-47DD-9753-EA12A237E632}"
EndProject
Project("{FAE04EC0-301F-11D3-BF4B-00C04F79EFBC}") = "CloseEventSample", "CloseEventSample\CloseEventSample\CloseEventSample.csproj", "{6FFC14C5-CF56-4EC3-B70B-07C6B39FF1DF}"
EndProject
Global
	GlobalSection(SolutionConfigurationPlatforms) = preSolution
		Debug|Any CPU = Debug|Any CPU
		Debug|iPhone = Debug|iPhone
		Debug|iPhoneSimulator = Debug|iPhoneSimulator
		Release|Any CPU = Release|Any CPU
		Release|iPhone = Release|iPhone
		Release|iPhoneSimulator = Release|iPhoneSimulator
	EndGlobalSection
	GlobalSection(ProjectConfigurationPlatforms) = postSolution
		{92A30637-CBA5-462C-B780-8CB682FA36D2}.Debug|Any CPU.ActiveCfg = Debug|Any CPU
		{92A30637-CBA5-462C-B780-8CB682FA36D2}.Debug|Any CPU.Build.0 = Debug|Any CPU
		{92A30637-CBA5-462C-B780-8CB682FA36D2}.Debug|Any CPU.Deploy.0 = Debug|Any CPU
		{92A30637-CBA5-462C-B780-8CB682FA36D2}.Debug|iPhone.ActiveCfg = Debug|Any CPU
		{92A30637-CBA5-462C-B780-8CB682FA36D2}.Debug|iPhone.Build.0 = Debug|Any CPU
		{92A30637-CBA5-462C-B780-8CB682FA36D2}.Debug|iPhone.Deploy.0 = Debug|Any CPU
		{92A30637-CBA5-462C-B780-8CB682FA36D2}.Debug|iPhoneSimulator.ActiveCfg = Debug|Any CPU
		{92A30637-CBA5-462C-B780-8CB682FA36D2}.Debug|iPhoneSimulator.Build.0 = Debug|Any CPU
		{92A30637-CBA5-462C-B780-8CB682FA36D2}.Debug|iPhoneSimulator.Deploy.0 = Debug|Any CPU
		{92A30637-CBA5-462C-B780-8CB682FA36D2}.Release|Any CPU.ActiveCfg = Release|Any CPU
		{92A30637-CBA5-462C-B780-8CB682FA36D2}.Release|Any CPU.Build.0 = Release|Any CPU
		{92A30637-CBA5-462C-B780-8CB682FA36D2}.Release|Any CPU.Deploy.0 = Release|Any CPU
		{92A30637-CBA5-462C-B780-8CB682FA36D2}.Release|iPhone.ActiveCfg = Release|Any CPU
		{92A30637-CBA5-462C-B780-8CB682FA36D2}.Release|iPhone.Build.0 = Release|Any CPU
		{92A30637-CBA5-462C-B780-8CB682FA36D2}.Release|iPhone.Deploy.0 = Release|Any CPU
		{92A30637-CBA5-462C-B780-8CB682FA36D2}.Release|iPhoneSimulator.ActiveCfg = Release|Any CPU
		{92A30637-CBA5-462C-B780-8CB682FA36D2}.Release|iPhoneSimulator.Build.0 = Release|Any CPU
		{92A30637-CBA5-462C-B780-8CB682FA36D2}.Release|iPhoneSimulator.Deploy.0 = Release|Any CPU
		{CFFD436B-2CBE-47DD-9753-EA12A237E632}.Debug|Any CPU.ActiveCfg = Debug|iPhone
		{CFFD436B-2CBE-47DD-9753-EA12A237E632}.Debug|Any CPU.Build.0 = Debug|iPhone
		{CFFD436B-2CBE-47DD-9753-EA12A237E632}.Debug|Any CPU.Deploy.0 = Debug|iPhone
		{CFFD436B-2CBE-47DD-9753-EA12A237E632}.Debug|iPhone.ActiveCfg = Debug|iPhone
		{CFFD436B-2CBE-47DD-9753-EA12A237E632}.Debug|iPhone.Build.0 = Debug|iPhone
		{CFFD436B-2CBE-47DD-9753-EA12A237E632}.Debug|iPhone.Deploy.0 = Debug|iPhone
		{CFFD436B-2CBE-47DD-9753-EA12A237E632}.Debug|iPhoneSimulator.ActiveCfg = Debug|iPhoneSimulator
		{CFFD436B-2CBE-47DD-9753-EA12A237E632}.Debug|iPhoneSimulator.Build.0 = Debug|iPhoneSimulator
		{CFFD436B-2CBE-47DD-9753-EA12A237E632}.Debug|iPhoneSimulator.Deploy.0 = Debug|iPhoneSimulator
		{CFFD436B-2CBE-47DD-9753-EA12A237E632}.Release|Any CPU.ActiveCfg = Release|iPhoneSimulator
		{CFFD436B-2CBE-47DD-9753-EA12A237E632}.Release|Any CPU.Build.0 = Release|iPhoneSimulator
		{CFFD436B-2CBE-47DD-9753-EA12A237E632}.Release|Any CPU.Deploy.0 = Release|iPhoneSimulator
		{CFFD436B-2CBE-47DD-9753-EA12A237E632}.Release|iPhone.ActiveCfg = Release|iPhone
		{CFFD436B-2CBE-47DD-9753-EA12A237E632}.Release|iPhone.Build.0 = Release|iPhone
		{CFFD436B-2CBE-47DD-9753-EA12A237E632}.Release|iPhone.Deploy.0 = Release|iPhone
		{CFFD436B-2CBE-47DD-9753-EA12A237E632}.Release|iPhoneSimulator.ActiveCfg = Release|iPhoneSimulator
		{CFFD436B-2CBE-47DD-9753-EA12A237E632}.Release|iPhoneSimulator.Build.0 = Release|iPhoneSimulator
		{CFFD436B-2CBE-47DD-9753-EA12A237E632}.Release|iPhoneSimulator.Deploy.0 = Release|iPhoneSimulator
		{6FFC14C5-CF56-4EC3-B70B-07C6B39FF1DF}.Debug|Any CPU.ActiveCfg = Debug|Any CPU
		{6FFC14C5-CF56-4EC3-B70B-07C6B39FF1DF}.Debug|Any CPU.Build.0 = Debug|Any CPU
		{6FFC14C5-CF56-4EC3-B70B-07C6B39FF1DF}.Debug|Any CPU.Deploy.0 = Debug|Any CPU
		{6FFC14C5-CF56-4EC3-B70B-07C6B39FF1DF}.Debug|iPhone.ActiveCfg = Debug|Any CPU
		{6FFC14C5-CF56-4EC3-B70B-07C6B39FF1DF}.Debug|iPhone.Build.0 = Debug|Any CPU
		{6FFC14C5-CF56-4EC3-B70B-07C6B39FF1DF}.Debug|iPhone.Deploy.0 = Debug|Any CPU
		{6FFC14C5-CF56-4EC3-B70B-07C6B39FF1DF}.Debug|iPhoneSimulator.ActiveCfg = Debug|Any CPU
		{6FFC14C5-CF56-4EC3-B70B-07C6B39FF1DF}.Debug|iPhoneSimulator.Build.0 = Debug|Any CPU
		{6FFC14C5-CF56-4EC3-B70B-07C6B39FF1DF}.Debug|iPhoneSimulator.Deploy.0 = Debug|Any CPU
		{6FFC14C5-CF56-4EC3-B70B-07C6B39FF1DF}.Release|Any CPU.ActiveCfg = Release|Any CPU
		{6FFC14C5-CF56-4EC3-B70B-07C6B39FF1DF}.Release|Any CPU.Build.0 = Release|Any CPU
		{6FFC14C5-CF56-4EC3-B70B-07C6B39FF1DF}.Release|Any CPU.Deploy.0 = Release|Any CPU
		{6FFC14C5-CF56-4EC3-B70B-07C6B39FF1DF}.Release|iPhone.ActiveCfg = Release|Any CPU
		{6FFC14C5-CF56-4EC3-B70B-07C6B39FF1DF}.Release|iPhone.Build.0 = Release|Any CPU
		{6FFC14C5-CF56-4EC3-B70B-07C6B39FF1DF}.Release|iPhone.Deploy.0 = Release|Any CPU
		{6FFC14C5-CF56-4EC3-B70B-07C6B39FF1DF}.Release|iPhoneSimulator.ActiveCfg = Release|Any CPU
		{6FFC14C5-CF56-4EC3-B70B-07C6B39FF1DF}.Release|iPhoneSimulator.Build.0 = Release|Any CPU
		{6FFC14C5-CF56-4EC3-B70B-07C6B39FF1DF}.Release|iPhoneSimulator.Deploy.0 = Release|Any CPU
	EndGlobalSection
	GlobalSection(SolutionProperties) = preSolution
		HideSolutionNode = FALSE
	EndGlobalSection
	GlobalSection(ExtensibilityGlobals) = postSolution
		SolutionGuid = {E6FFF872-F35D-43AA-BD97-61A3BB854450}
	EndGlobalSection
EndGlobal
